
Microsoft Visual Studio Solution File, Format Version 12.00
# Visual Studio Version 17
VisualStudioVersion = 17.9.34701.34
MinimumVisualStudioVersion = 10.0.40219.1
Project("{FAE04EC0-301F-11D3-BF4B-00C04F79EFBC}") = "JourneyExpertSystem", "JourneyExpertSystem\JourneyExpertSystem.csproj", "{1EA38500-97D9-4B69-806D-B10F09D42CCB}"
EndProject
Global
	GlobalSection(SolutionConfigurationPlatforms) = preSolution
		Debug|Any CPU = Debug|Any CPU
		Release|Any CPU = Release|Any CPU
	EndGlobalSection
	GlobalSection(ProjectConfigurationPlatforms) = postSolution
		{1EA38500-97D9-4B69-806D-B10F09D42CCB}.Debug|Any CPU.ActiveCfg = Debug|Any CPU
		{1EA38500-97D9-4B69-806D-B10F09D42CCB}.Debug|Any CPU.Build.0 = Debug|Any CPU
		{1EA38500-97D9-4B69-806D-B10F09D42CCB}.Release|Any CPU.ActiveCfg = Release|Any CPU
		{1EA38500-97D9-4B69-806D-B10F09D42CCB}.Release|Any CPU.Build.0 = Release|Any CPU
	EndGlobalSection
	GlobalSection(SolutionProperties) = preSolution
		HideSolutionNode = FALSE
	EndGlobalSection
	GlobalSection(ExtensibilityGlobals) = postSolution
		SolutionGuid = {ACC5E8D5-1FD5-4CA2-9426-64F489A0C710}
	EndGlobalSection
EndGlobal
